
Microsoft Visual Studio Solution File, Format Version 12.00
# Visual Studio Version 17
VisualStudioVersion = 17.2.32602.215
MinimumVisualStudioVersion = 10.0.40219.1
Project("{FAE04EC0-301F-11D3-BF4B-00C04F79EFBC}") = "Prakt18(praktika)", "Prakt18(praktika).csproj", "{FD73859D-2890-4BBB-BC14-4EDFC6008A01}"
EndProject
Global
	GlobalSection(SolutionConfigurationPlatforms) = preSolution
		Debug|Any CPU = Debug|Any CPU
		Release|Any CPU = Release|Any CPU
	EndGlobalSection
	GlobalSection(ProjectConfigurationPlatforms) = postSolution
		{FD73859D-2890-4BBB-BC14-4EDFC6008A01}.Debug|Any CPU.ActiveCfg = Debug|Any CPU
		{FD73859D-2890-4BBB-BC14-4EDFC6008A01}.Debug|Any CPU.Build.0 = Debug|Any CPU
		{FD73859D-2890-4BBB-BC14-4EDFC6008A01}.Release|Any CPU.ActiveCfg = Release|Any CPU
		{FD73859D-2890-4BBB-BC14-4EDFC6008A01}.Release|Any CPU.Build.0 = Release|Any CPU
	EndGlobalSection
	GlobalSection(SolutionProperties) = preSolution
		HideSolutionNode = FALSE
	EndGlobalSection
	GlobalSection(ExtensibilityGlobals) = postSolution
		SolutionGuid = {29B917F0-4779-439E-8A91-1CD40ADEC293}
	EndGlobalSection
EndGlobal
